
Microsoft Visual Studio Solution File, Format Version 12.00
# Visual Studio Version 16
VisualStudioVersion = 16.0.31321.278
MinimumVisualStudioVersion = 10.0.40219.1
Project("{888888A0-9F3D-457C-B088-3A5042F75D52}") = "Platformer", "Platformer.pyproj", "{BCE28834-AAC2-4206-AB9E-B7F2009D3ABD}"
EndProject
Global
	GlobalSection(SolutionConfigurationPlatforms) = preSolution
		Debug|Any CPU = Debug|Any CPU
		Release|Any CPU = Release|Any CPU
	EndGlobalSection
	GlobalSection(ProjectConfigurationPlatforms) = postSolution
		{BCE28834-AAC2-4206-AB9E-B7F2009D3ABD}.Debug|Any CPU.ActiveCfg = Debug|Any CPU
		{BCE28834-AAC2-4206-AB9E-B7F2009D3ABD}.Release|Any CPU.ActiveCfg = Release|Any CPU
	EndGlobalSection
	GlobalSection(SolutionProperties) = preSolution
		HideSolutionNode = FALSE
	EndGlobalSection
	GlobalSection(ExtensibilityGlobals) = postSolution
		SolutionGuid = {7F52730C-BB16-48A5-A878-E78A4F53EB4C}
	EndGlobalSection
EndGlobal
